
Microsoft Visual Studio Solution File, Format Version 12.00
# Visual Studio Version 17
VisualStudioVersion = 17.14.36616.10 d17.14
MinimumVisualStudioVersion = 10.0.40219.1
Project("{FAE04EC0-301F-11D3-BF4B-00C04F79EFBC}") = "Bangun_Ruang", "Bangun_Ruang\Bangun_Ruang.csproj", "{32719DA1-D5F1-4C11-8F0A-AE03F5134590}"
EndProject
Global
	GlobalSection(SolutionConfigurationPlatforms) = preSolution
		Debug|Any CPU = Debug|Any CPU
		Release|Any CPU = Release|Any CPU
	EndGlobalSection
	GlobalSection(ProjectConfigurationPlatforms) = postSolution
		{32719DA1-D5F1-4C11-8F0A-AE03F5134590}.Debug|Any CPU.ActiveCfg = Debug|Any CPU
		{32719DA1-D5F1-4C11-8F0A-AE03F5134590}.Debug|Any CPU.Build.0 = Debug|Any CPU
		{32719DA1-D5F1-4C11-8F0A-AE03F5134590}.Release|Any CPU.ActiveCfg = Release|Any CPU
		{32719DA1-D5F1-4C11-8F0A-AE03F5134590}.Release|Any CPU.Build.0 = Release|Any CPU
	EndGlobalSection
	GlobalSection(SolutionProperties) = preSolution
		HideSolutionNode = FALSE
	EndGlobalSection
	GlobalSection(ExtensibilityGlobals) = postSolution
		SolutionGuid = {E2D86383-CFA0-4F82-8800-FC92EC7E1A29}
	EndGlobalSection
EndGlobal
